
Microsoft Visual Studio Solution File, Format Version 12.00
# Visual Studio Version 17
VisualStudioVersion = 17.8.34525.116
MinimumVisualStudioVersion = 10.0.40219.1
Project("{FAE04EC0-301F-11D3-BF4B-00C04F79EFBC}") = "BookStoreWebApi", "BookStoreWebApi.csproj", "{2AD8ED24-AD76-449D-8600-6EFE0A5662A2}"
EndProject
Project("{2150E333-8FDC-42A3-9474-1A3956D46DE8}") = "src", "src", "{C3B55A71-CD44-408E-A4A2-E0393FE896CD}"
EndProject
Project("{2150E333-8FDC-42A3-9474-1A3956D46DE8}") = "test", "test", "{5ECC56BE-19EF-4595-8217-E62607DFD418}"
EndProject
Project("{FAE04EC0-301F-11D3-BF4B-00C04F79EFBC}") = "BookStoreWebApi.IntegratedTest", "..\BookStoreWebApi.IntegratedTest\BookStoreWebApi.IntegratedTest.csproj", "{B1EA9183-DBBB-42F7-9050-72764C956B63}"
EndProject
Global
	GlobalSection(SolutionConfigurationPlatforms) = preSolution
		Debug|Any CPU = Debug|Any CPU
		Release|Any CPU = Release|Any CPU
	EndGlobalSection
	GlobalSection(ProjectConfigurationPlatforms) = postSolution
		{2AD8ED24-AD76-449D-8600-6EFE0A5662A2}.Debug|Any CPU.ActiveCfg = Debug|Any CPU
		{2AD8ED24-AD76-449D-8600-6EFE0A5662A2}.Debug|Any CPU.Build.0 = Debug|Any CPU
		{2AD8ED24-AD76-449D-8600-6EFE0A5662A2}.Release|Any CPU.ActiveCfg = Release|Any CPU
		{2AD8ED24-AD76-449D-8600-6EFE0A5662A2}.Release|Any CPU.Build.0 = Release|Any CPU
		{B1EA9183-DBBB-42F7-9050-72764C956B63}.Debug|Any CPU.ActiveCfg = Debug|Any CPU
		{B1EA9183-DBBB-42F7-9050-72764C956B63}.Debug|Any CPU.Build.0 = Debug|Any CPU
		{B1EA9183-DBBB-42F7-9050-72764C956B63}.Release|Any CPU.ActiveCfg = Release|Any CPU
		{B1EA9183-DBBB-42F7-9050-72764C956B63}.Release|Any CPU.Build.0 = Release|Any CPU
	EndGlobalSection
	GlobalSection(SolutionProperties) = preSolution
		HideSolutionNode = FALSE
	EndGlobalSection
	GlobalSection(NestedProjects) = preSolution
		{2AD8ED24-AD76-449D-8600-6EFE0A5662A2} = {C3B55A71-CD44-408E-A4A2-E0393FE896CD}
		{B1EA9183-DBBB-42F7-9050-72764C956B63} = {5ECC56BE-19EF-4595-8217-E62607DFD418}
	EndGlobalSection
	GlobalSection(ExtensibilityGlobals) = postSolution
		SolutionGuid = {45710B19-CBA7-4F62-A06D-5FFE0625FB23}
	EndGlobalSection
EndGlobal
